<?xml version="1.0" encoding="UTF-8"?>
<!DOCTYPE plist PUBLIC "-//Apple//DTD PLIST 1.0//EN" "http://www.apple.com/DTDs/PropertyList-1.0.dtd">
<plist version="1.0">
<dict>
	<key>archiveVersion</key>
	<string>1</string>
	<key>classes</key>
	<dict/>
	<key>objectVersion</key>
	<string>46</string>
	<key>objects</key>
	<dict>
		<key>46D757477C0B49B6A88E6508</key>
		<dict>
			<key>buildActionMask</key>
			<string>2147483647</string>
			<key>files</key>
			<array/>
			<key>inputPaths</key>
			<array/>
			<key>isa</key>
			<string>PBXShellScriptBuildPhase</string>
			<key>name</key>
			<string>Warn for TODO and FIXME comments</string>
			<key>outputPaths</key>
			<array/>
			<key>runOnlyForDeploymentPostprocessing</key>
			<string>0</string>
			<key>shellPath</key>
			<string>/bin/sh</string>
			<key>shellScript</key>
			<string>KEYWORDS="TODO:|FIXME:|\?\?\?:|\!\!\!:"
FILE_EXTENSIONS="h|m|mm|c|cpp"
find -E "${SRCROOT}" -ipath "${SRCROOT}/pods" -prune -o \( -regex ".*\.($FILE_EXTENSIONS)$" \) -print0 | xargs -0 egrep --with-filename --line-number --only-matching "($KEYWORDS).*\$" | perl -p -e "s/($KEYWORDS)/ warning: \$1/"
</string>
			<key>showEnvVarsInLog</key>
			<string>1</string>
		</dict>
		<key>EA8C96D8187F086800D8FC47</key>
		<dict>
			<key>children</key>
			<array>
				<string>EA8C96EA187F086800D8FC47</string>
				<string>EA8C970C187F086800D8FC47</string>
				<string>EA8C96E3187F086800D8FC47</string>
				<string>EA8C96E2187F086800D8FC47</string>
			</array>
			<key>indentWidth</key>
			<string>4</string>
			<key>isa</key>
			<string>PBXGroup</string>
			<key>sourceTree</key>
			<string>&lt;group&gt;</string>
			<key>tabWidth</key>
			<string>4</string>
			<key>usesTabs</key>
			<string>0</string>
		</dict>
		<key>EA8C96D9187F086800D8FC47</key>
		<dict>
			<key>attributes</key>
			<dict>
				<key>CLASSPREFIX</key>
				<string>TD</string>
				<key>LastUpgradeCheck</key>
				<string>0500</string>
				<key>ORGANIZATIONNAME</key>
				<string>thoughtbot</string>
				<key>TargetAttributes</key>
				<dict>
					<key>EA8C96E0187F086800D8FC47</key>
					<dict>
						<key>DevelopmentTeam</key>
						<string>7X7CX2JX3F</string>
					</dict>
					<key>EA8C9704187F086800D8FC47</key>
					<dict>
						<key>TestTargetID</key>
						<string>EA8C96E0187F086800D8FC47</string>
					</dict>
				</dict>
			</dict>
			<key>buildConfigurationList</key>
			<string>EA8C96DC187F086800D8FC47</string>
			<key>compatibilityVersion</key>
			<string>Xcode 3.2</string>
			<key>developmentRegion</key>
			<string>English</string>
			<key>hasScannedForEncodings</key>
			<string>0</string>
			<key>isa</key>
			<string>PBXProject</string>
			<key>knownRegions</key>
			<array>
				<string>en</string>
				<string>Base</string>
			</array>
			<key>mainGroup</key>
			<string>EA8C96D8187F086800D8FC47</string>
			<key>productRefGroup</key>
			<string>EA8C96E2187F086800D8FC47</string>
			<key>projectDirPath</key>
			<string></string>
			<key>projectReferences</key>
			<array/>
			<key>projectRoot</key>
			<string></string>
			<key>targets</key>
			<array>
				<string>EA8C96E0187F086800D8FC47</string>
				<string>EA8C9704187F086800D8FC47</string>
			</array>
		</dict>
		<key>EA8C96DC187F086800D8FC47</key>
		<dict>
			<key>buildConfigurations</key>
			<array>
				<string>EA8C9714187F086800D8FC47</string>
				<string>EA8C9715187F086800D8FC47</string>
			</array>
			<key>defaultConfigurationIsVisible</key>
			<string>0</string>
			<key>defaultConfigurationName</key>
			<string>Release</string>
			<key>isa</key>
			<string>XCConfigurationList</string>
		</dict>
		<key>EA8C96DD187F086800D8FC47</key>
		<dict>
			<key>buildActionMask</key>
			<string>2147483647</string>
			<key>files</key>
			<array>
				<string>EA8C972E187F1D8500D8FC47</string>
				<string>EA8C96F5187F086800D8FC47</string>
				<string>EA8C9723187F0B6800D8FC47</string>
				<string>EA8C9732187F42D600D8FC47</string>
				<string>EA8C96F1187F086800D8FC47</string>
				<string>EA8C9735187F42E900D8FC47</string>
			</array>
			<key>isa</key>
			<string>PBXSourcesBuildPhase</string>
			<key>runOnlyForDeploymentPostprocessing</key>
			<string>0</string>
		</dict>
		<key>EA8C96DE187F086800D8FC47</key>
		<dict>
			<key>buildActionMask</key>
			<string>2147483647</string>
			<key>files</key>
			<array>
				<string>EABDB7A218804E55002043CF</string>
				<string>EA8C9725187F0B7F00D8FC47</string>
				<string>EA8C96E7187F086800D8FC47</string>
				<string>EA8C96E9187F086800D8FC47</string>
				<string>EA8C96E5187F086800D8FC47</string>
			</array>
			<key>isa</key>
			<string>PBXFrameworksBuildPhase</string>
			<key>runOnlyForDeploymentPostprocessing</key>
			<string>0</string>
		</dict>
		<key>EA8C96DF187F086800D8FC47</key>
		<dict>
			<key>buildActionMask</key>
			<string>2147483647</string>
			<key>files</key>
			<array>
				<string>EA8C96FB187F086800D8FC47</string>
				<string>EA8C9700187F086800D8FC47</string>
				<string>EA8C96F8187F086800D8FC47</string>
				<string>EA8C96EF187F086800D8FC47</string>
			</array>
			<key>isa</key>
			<string>PBXResourcesBuildPhase</string>
			<key>runOnlyForDeploymentPostprocessing</key>
			<string>0</string>
		</dict>
		<key>EA8C96E0187F086800D8FC47</key>
		<dict>
			<key>buildConfigurationList</key>
			<string>EA8C9716187F086800D8FC47</string>
			<key>buildPhases</key>
			<array>
				<string>EA8C96DD187F086800D8FC47</string>
				<string>EA8C96DE187F086800D8FC47</string>
				<string>EA8C96DF187F086800D8FC47</string>
				<string>46D757477C0B49B6A88E6508</string>
			</array>
			<key>buildRules</key>
			<array/>
			<key>dependencies</key>
			<array/>
			<key>isa</key>
			<string>PBXNativeTarget</string>
			<key>name</key>
			<string>TDMultipeerDemo</string>
			<key>productName</key>
			<string>TDMultipeerDemo</string>
			<key>productReference</key>
			<string>EA8C96E1187F086800D8FC47</string>
			<key>productType</key>
			<string>com.apple.product-type.application</string>
		</dict>
		<key>EA8C96E1187F086800D8FC47</key>
		<dict>
			<key>explicitFileType</key>
			<string>wrapper.application</string>
			<key>includeInIndex</key>
			<string>0</string>
			<key>isa</key>
			<string>PBXFileReference</string>
			<key>path</key>
			<string>TDMultipeerDemo.app</string>
			<key>sourceTree</key>
			<string>BUILT_PRODUCTS_DIR</string>
		</dict>
		<key>EA8C96E2187F086800D8FC47</key>
		<dict>
			<key>children</key>
			<array>
				<string>EA8C96E1187F086800D8FC47</string>
				<string>EA8C9705187F086800D8FC47</string>
			</array>
			<key>isa</key>
			<string>PBXGroup</string>
			<key>name</key>
			<string>Products</string>
			<key>sourceTree</key>
			<string>&lt;group&gt;</string>
		</dict>
		<key>EA8C96E3187F086800D8FC47</key>
		<dict>
			<key>children</key>
			<array>
				<string>EABDB7A318804E5E002043CF</string>
				<string>EABDB7A118804E55002043CF</string>
				<string>EA8C9724187F0B7F00D8FC47</string>
				<string>EA8C96E4187F086800D8FC47</string>
				<string>EA8C96E6187F086800D8FC47</string>
				<string>EA8C96E8187F086800D8FC47</string>
				<string>EA8C9706187F086800D8FC47</string>
			</array>
			<key>isa</key>
			<string>PBXGroup</string>
			<key>name</key>
			<string>Frameworks</string>
			<key>sourceTree</key>
			<string>&lt;group&gt;</string>
		</dict>
		<key>EA8C96E4187F086800D8FC47</key>
		<dict>
			<key>isa</key>
			<string>PBXFileReference</string>
			<key>lastKnownFileType</key>
			<string>wrapper.framework</string>
			<key>name</key>
			<string>Foundation.framework</string>
			<key>path</key>
			<string>System/Library/Frameworks/Foundation.framework</string>
			<key>sourceTree</key>
			<string>SDKROOT</string>
		</dict>
		<key>EA8C96E5187F086800D8FC47</key>
		<dict>
			<key>fileRef</key>
			<string>EA8C96E4187F086800D8FC47</string>
			<key>isa</key>
			<string>PBXBuildFile</string>
		</dict>
		<key>EA8C96E6187F086800D8FC47</key>
		<dict>
			<key>isa</key>
			<string>PBXFileReference</string>
			<key>lastKnownFileType</key>
			<string>wrapper.framework</string>
			<key>name</key>
			<string>CoreGraphics.framework</string>
			<key>path</key>
			<string>System/Library/Frameworks/CoreGraphics.framework</string>
			<key>sourceTree</key>
			<string>SDKROOT</string>
		</dict>
		<key>EA8C96E7187F086800D8FC47</key>
		<dict>
			<key>fileRef</key>
			<string>EA8C96E6187F086800D8FC47</string>
			<key>isa</key>
			<string>PBXBuildFile</string>
		</dict>
		<key>EA8C96E8187F086800D8FC47</key>
		<dict>
			<key>isa</key>
			<string>PBXFileReference</string>
			<key>lastKnownFileType</key>
			<string>wrapper.framework</string>
			<key>name</key>
			<string>UIKit.framework</string>
			<key>path</key>
			<string>System/Library/Frameworks/UIKit.framework</string>
			<key>sourceTree</key>
			<string>SDKROOT</string>
		</dict>
		<key>EA8C96E9187F086800D8FC47</key>
		<dict>
			<key>fileRef</key>
			<string>EA8C96E8187F086800D8FC47</string>
			<key>isa</key>
			<string>PBXBuildFile</string>
		</dict>
		<key>EA8C96EA187F086800D8FC47</key>
		<dict>
			<key>children</key>
			<array>
				<string>EA8C972F187F428000D8FC47</string>
				<string>EA8C9720187F0B3A00D8FC47</string>
				<string>EA8C96F3187F086800D8FC47</string>
				<string>EA8C96F4187F086800D8FC47</string>
				<string>EA8C96F6187F086800D8FC47</string>
				<string>EA8C96F9187F086800D8FC47</string>
				<string>EA8C96FF187F086800D8FC47</string>
				<string>EA8C96EB187F086800D8FC47</string>
			</array>
			<key>isa</key>
			<string>PBXGroup</string>
			<key>path</key>
			<string>TDMultipeerDemo</string>
			<key>sourceTree</key>
			<string>&lt;group&gt;</string>
		</dict>
		<key>EA8C96EB187F086800D8FC47</key>
		<dict>
			<key>children</key>
			<array>
				<string>EA8C96EC187F086800D8FC47</string>
				<string>EA8C96ED187F086800D8FC47</string>
				<string>EA8C96F0187F086800D8FC47</string>
				<string>EA8C96F2187F086800D8FC47</string>
			</array>
			<key>isa</key>
			<string>PBXGroup</string>
			<key>name</key>
			<string>Supporting Files</string>
			<key>sourceTree</key>
			<string>&lt;group&gt;</string>
		</dict>
		<key>EA8C96EC187F086800D8FC47</key>
		<dict>
			<key>isa</key>
			<string>PBXFileReference</string>
			<key>lastKnownFileType</key>
			<string>text.plist.xml</string>
			<key>path</key>
			<string>TDMultipeerDemo-Info.plist</string>
			<key>sourceTree</key>
			<string>&lt;group&gt;</string>
		</dict>
		<key>EA8C96ED187F086800D8FC47</key>
		<dict>
			<key>children</key>
			<array>
				<string>EA8C96EE187F086800D8FC47</string>
			</array>
			<key>isa</key>
			<string>PBXVariantGroup</string>
			<key>name</key>
			<string>InfoPlist.strings</string>
			<key>sourceTree</key>
			<string>&lt;group&gt;</string>
		</dict>
		<key>EA8C96EE187F086800D8FC47</key>
		<dict>
			<key>isa</key>
			<string>PBXFileReference</string>
			<key>lastKnownFileType</key>
			<string>text.plist.strings</string>
			<key>name</key>
			<string>en</string>
			<key>path</key>
			<string>en.lproj/InfoPlist.strings</string>
			<key>sourceTree</key>
			<string>&lt;group&gt;</string>
		</dict>
		<key>EA8C96EF187F086800D8FC47</key>
		<dict>
			<key>fileRef</key>
			<string>EA8C96ED187F086800D8FC47</string>
			<key>isa</key>
			<string>PBXBuildFile</string>
		</dict>
		<key>EA8C96F0187F086800D8FC47</key>
		<dict>
			<key>isa</key>
			<string>PBXFileReference</string>
			<key>lastKnownFileType</key>
			<string>sourcecode.c.objc</string>
			<key>path</key>
			<string>main.m</string>
			<key>sourceTree</key>
			<string>&lt;group&gt;</string>
		</dict>
		<key>EA8C96F1187F086800D8FC47</key>
		<dict>
			<key>fileRef</key>
			<string>EA8C96F0187F086800D8FC47</string>
			<key>isa</key>
			<string>PBXBuildFile</string>
		</dict>
		<key>EA8C96F2187F086800D8FC47</key>
		<dict>
			<key>isa</key>
			<string>PBXFileReference</string>
			<key>lastKnownFileType</key>
			<string>sourcecode.c.h</string>
			<key>path</key>
			<string>TDMultipeerDemo-Prefix.pch</string>
			<key>sourceTree</key>
			<string>&lt;group&gt;</string>
		</dict>
		<key>EA8C96F3187F086800D8FC47</key>
		<dict>
			<key>isa</key>
			<string>PBXFileReference</string>
			<key>lastKnownFileType</key>
			<string>sourcecode.c.h</string>
			<key>path</key>
			<string>TDAppDelegate.h</string>
			<key>sourceTree</key>
			<string>&lt;group&gt;</string>
		</dict>
		<key>EA8C96F4187F086800D8FC47</key>
		<dict>
			<key>isa</key>
			<string>PBXFileReference</string>
			<key>lastKnownFileType</key>
			<string>sourcecode.c.objc</string>
			<key>path</key>
			<string>TDAppDelegate.m</string>
			<key>sourceTree</key>
			<string>&lt;group&gt;</string>
		</dict>
		<key>EA8C96F5187F086800D8FC47</key>
		<dict>
			<key>fileRef</key>
			<string>EA8C96F4187F086800D8FC47</string>
			<key>isa</key>
			<string>PBXBuildFile</string>
		</dict>
		<key>EA8C96F6187F086800D8FC47</key>
		<dict>
			<key>children</key>
			<array>
				<string>EA8C96F7187F086800D8FC47</string>
			</array>
			<key>isa</key>
			<string>PBXVariantGroup</string>
			<key>name</key>
			<string>Main_iPhone.storyboard</string>
			<key>sourceTree</key>
			<string>&lt;group&gt;</string>
		</dict>
		<key>EA8C96F7187F086800D8FC47</key>
		<dict>
			<key>isa</key>
			<string>PBXFileReference</string>
			<key>lastKnownFileType</key>
			<string>file.storyboard</string>
			<key>name</key>
			<string>Base</string>
			<key>path</key>
			<string>Base.lproj/Main_iPhone.storyboard</string>
			<key>sourceTree</key>
			<string>&lt;group&gt;</string>
		</dict>
		<key>EA8C96F8187F086800D8FC47</key>
		<dict>
			<key>fileRef</key>
			<string>EA8C96F6187F086800D8FC47</string>
			<key>isa</key>
			<string>PBXBuildFile</string>
		</dict>
		<key>EA8C96F9187F086800D8FC47</key>
		<dict>
			<key>children</key>
			<array>
				<string>EA8C96FA187F086800D8FC47</string>
			</array>
			<key>isa</key>
			<string>PBXVariantGroup</string>
			<key>name</key>
			<string>Main_iPad.storyboard</string>
			<key>sourceTree</key>
			<string>&lt;group&gt;</string>
		</dict>
		<key>EA8C96FA187F086800D8FC47</key>
		<dict>
			<key>isa</key>
			<string>PBXFileReference</string>
			<key>lastKnownFileType</key>
			<string>file.storyboard</string>
			<key>name</key>
			<string>Base</string>
			<key>path</key>
			<string>Base.lproj/Main_iPad.storyboard</string>
			<key>sourceTree</key>
			<string>&lt;group&gt;</string>
		</dict>
		<key>EA8C96FB187F086800D8FC47</key>
		<dict>
			<key>fileRef</key>
			<string>EA8C96F9187F086800D8FC47</string>
			<key>isa</key>
			<string>PBXBuildFile</string>
		</dict>
		<key>EA8C96FF187F086800D8FC47</key>
		<dict>
			<key>isa</key>
			<string>PBXFileReference</string>
			<key>lastKnownFileType</key>
			<string>folder.assetcatalog</string>
			<key>path</key>
			<string>Images.xcassets</string>
			<key>sourceTree</key>
			<string>&lt;group&gt;</string>
		</dict>
		<key>EA8C9700187F086800D8FC47</key>
		<dict>
			<key>fileRef</key>
			<string>EA8C96FF187F086800D8FC47</string>
			<key>isa</key>
			<string>PBXBuildFile</string>
		</dict>
		<key>EA8C9701187F086800D8FC47</key>
		<dict>
			<key>buildActionMask</key>
			<string>2147483647</string>
			<key>files</key>
			<array>
				<string>EA8C9713187F086800D8FC47</string>
			</array>
			<key>isa</key>
			<string>PBXSourcesBuildPhase</string>
			<key>runOnlyForDeploymentPostprocessing</key>
			<string>0</string>
		</dict>
		<key>EA8C9702187F086800D8FC47</key>
		<dict>
			<key>buildActionMask</key>
			<string>2147483647</string>
			<key>files</key>
			<array>
				<string>EA8C9707187F086800D8FC47</string>
				<string>EA8C9709187F086800D8FC47</string>
				<string>EA8C9708187F086800D8FC47</string>
			</array>
			<key>isa</key>
			<string>PBXFrameworksBuildPhase</string>
			<key>runOnlyForDeploymentPostprocessing</key>
			<string>0</string>
		</dict>
		<key>EA8C9703187F086800D8FC47</key>
		<dict>
			<key>buildActionMask</key>
			<string>2147483647</string>
			<key>files</key>
			<array>
				<string>EA8C9711187F086800D8FC47</string>
			</array>
			<key>isa</key>
			<string>PBXResourcesBuildPhase</string>
			<key>runOnlyForDeploymentPostprocessing</key>
			<string>0</string>
		</dict>
		<key>EA8C9704187F086800D8FC47</key>
		<dict>
			<key>buildConfigurationList</key>
			<string>EA8C9719187F086800D8FC47</string>
			<key>buildPhases</key>
			<array>
				<string>EA8C9701187F086800D8FC47</string>
				<string>EA8C9702187F086800D8FC47</string>
				<string>EA8C9703187F086800D8FC47</string>
			</array>
			<key>buildRules</key>
			<array/>
			<key>dependencies</key>
			<array>
				<string>EA8C970B187F086800D8FC47</string>
			</array>
			<key>isa</key>
			<string>PBXNativeTarget</string>
			<key>name</key>
			<string>TDMultipeerDemoTests</string>
			<key>productName</key>
			<string>TDMultipeerDemoTests</string>
			<key>productReference</key>
			<string>EA8C9705187F086800D8FC47</string>
			<key>productType</key>
			<string>com.apple.product-type.bundle.unit-test</string>
		</dict>
		<key>EA8C9705187F086800D8FC47</key>
		<dict>
			<key>explicitFileType</key>
			<string>wrapper.cfbundle</string>
			<key>includeInIndex</key>
			<string>0</string>
			<key>isa</key>
			<string>PBXFileReference</string>
			<key>path</key>
			<string>TDMultipeerDemoTests.xctest</string>
			<key>sourceTree</key>
			<string>BUILT_PRODUCTS_DIR</string>
		</dict>
		<key>EA8C9706187F086800D8FC47</key>
		<dict>
			<key>isa</key>
			<string>PBXFileReference</string>
			<key>lastKnownFileType</key>
			<string>wrapper.framework</string>
			<key>name</key>
			<string>XCTest.framework</string>
			<key>path</key>
			<string>Library/Frameworks/XCTest.framework</string>
			<key>sourceTree</key>
			<string>DEVELOPER_DIR</string>
		</dict>
		<key>EA8C9707187F086800D8FC47</key>
		<dict>
			<key>fileRef</key>
			<string>EA8C9706187F086800D8FC47</string>
			<key>isa</key>
			<string>PBXBuildFile</string>
		</dict>
		<key>EA8C9708187F086800D8FC47</key>
		<dict>
			<key>fileRef</key>
			<string>EA8C96E4187F086800D8FC47</string>
			<key>isa</key>
			<string>PBXBuildFile</string>
		</dict>
		<key>EA8C9709187F086800D8FC47</key>
		<dict>
			<key>fileRef</key>
			<string>EA8C96E8187F086800D8FC47</string>
			<key>isa</key>
			<string>PBXBuildFile</string>
		</dict>
		<key>EA8C970A187F086800D8FC47</key>
		<dict>
			<key>containerPortal</key>
			<string>EA8C96D9187F086800D8FC47</string>
			<key>isa</key>
			<string>PBXContainerItemProxy</string>
			<key>proxyType</key>
			<string>1</string>
			<key>remoteGlobalIDString</key>
			<string>EA8C96E0187F086800D8FC47</string>
			<key>remoteInfo</key>
			<string>TDMultipeerDemo</string>
		</dict>
		<key>EA8C970B187F086800D8FC47</key>
		<dict>
			<key>isa</key>
			<string>PBXTargetDependency</string>
			<key>target</key>
			<string>EA8C96E0187F086800D8FC47</string>
			<key>targetProxy</key>
			<string>EA8C970A187F086800D8FC47</string>
		</dict>
		<key>EA8C970C187F086800D8FC47</key>
		<dict>
			<key>children</key>
			<array>
				<string>EA8C9712187F086800D8FC47</string>
				<string>EA8C970D187F086800D8FC47</string>
			</array>
			<key>isa</key>
			<string>PBXGroup</string>
			<key>path</key>
			<string>TDMultipeerDemoTests</string>
			<key>sourceTree</key>
			<string>&lt;group&gt;</string>
		</dict>
		<key>EA8C970D187F086800D8FC47</key>
		<dict>
			<key>children</key>
			<array>
				<string>EA8C970E187F086800D8FC47</string>
				<string>EA8C970F187F086800D8FC47</string>
			</array>
			<key>isa</key>
			<string>PBXGroup</string>
			<key>name</key>
			<string>Supporting Files</string>
			<key>sourceTree</key>
			<string>&lt;group&gt;</string>
		</dict>
		<key>EA8C970E187F086800D8FC47</key>
		<dict>
			<key>isa</key>
			<string>PBXFileReference</string>
			<key>lastKnownFileType</key>
			<string>text.plist.xml</string>
			<key>path</key>
			<string>TDMultipeerDemoTests-Info.plist</string>
			<key>sourceTree</key>
			<string>&lt;group&gt;</string>
		</dict>
		<key>EA8C970F187F086800D8FC47</key>
		<dict>
			<key>children</key>
			<array>
				<string>EA8C9710187F086800D8FC47</string>
			</array>
			<key>isa</key>
			<string>PBXVariantGroup</string>
			<key>name</key>
			<string>InfoPlist.strings</string>
			<key>sourceTree</key>
			<string>&lt;group&gt;</string>
		</dict>
		<key>EA8C9710187F086800D8FC47</key>
		<dict>
			<key>isa</key>
			<string>PBXFileReference</string>
			<key>lastKnownFileType</key>
			<string>text.plist.strings</string>
			<key>name</key>
			<string>en</string>
			<key>path</key>
			<string>en.lproj/InfoPlist.strings</string>
			<key>sourceTree</key>
			<string>&lt;group&gt;</string>
		</dict>
		<key>EA8C9711187F086800D8FC47</key>
		<dict>
			<key>fileRef</key>
			<string>EA8C970F187F086800D8FC47</string>
			<key>isa</key>
			<string>PBXBuildFile</string>
		</dict>
		<key>EA8C9712187F086800D8FC47</key>
		<dict>
			<key>isa</key>
			<string>PBXFileReference</string>
			<key>lastKnownFileType</key>
			<string>sourcecode.c.objc</string>
			<key>path</key>
			<string>TDMultipeerDemoTests.m</string>
			<key>sourceTree</key>
			<string>&lt;group&gt;</string>
		</dict>
		<key>EA8C9713187F086800D8FC47</key>
		<dict>
			<key>fileRef</key>
			<string>EA8C9712187F086800D8FC47</string>
			<key>isa</key>
			<string>PBXBuildFile</string>
		</dict>
		<key>EA8C9714187F086800D8FC47</key>
		<dict>
			<key>buildSettings</key>
			<dict>
				<key>ALWAYS_SEARCH_USER_PATHS</key>
				<string>NO</string>
				<key>ARCHS</key>
				<string>$(ARCHS_STANDARD_INCLUDING_64_BIT)</string>
				<key>CLANG_CXX_LANGUAGE_STANDARD</key>
				<string>gnu++0x</string>
				<key>CLANG_CXX_LIBRARY</key>
				<string>libc++</string>
				<key>CLANG_ENABLE_MODULES</key>
				<string>YES</string>
				<key>CLANG_ENABLE_OBJC_ARC</key>
				<string>YES</string>
				<key>CLANG_WARN_BOOL_CONVERSION</key>
				<string>YES</string>
				<key>CLANG_WARN_CONSTANT_CONVERSION</key>
				<string>YES</string>
				<key>CLANG_WARN_DEPRECATED_OBJC_IMPLEMENTATIONS</key>
				<string>YES</string>
				<key>CLANG_WARN_DIRECT_OBJC_ISA_USAGE</key>
				<string>YES_ERROR</string>
				<key>CLANG_WARN_EMPTY_BODY</key>
				<string>YES</string>
				<key>CLANG_WARN_ENUM_CONVERSION</key>
				<string>YES</string>
				<key>CLANG_WARN_INT_CONVERSION</key>
				<string>YES</string>
				<key>CLANG_WARN_OBJC_IMPLICIT_RETAIN_SELF</key>
				<string>YES</string>
				<key>CLANG_WARN_OBJC_ROOT_CLASS</key>
				<string>YES_ERROR</string>
				<key>CLANG_WARN__DUPLICATE_METHOD_MATCH</key>
				<string>YES</string>
				<key>CODE_SIGN_IDENTITY[sdk=iphoneos*]</key>
				<string>iPhone Developer</string>
				<key>COPY_PHASE_STRIP</key>
				<string>NO</string>
				<key>GCC_C_LANGUAGE_STANDARD</key>
				<string>gnu99</string>
				<key>GCC_DYNAMIC_NO_PIC</key>
				<string>NO</string>
				<key>GCC_OPTIMIZATION_LEVEL</key>
				<string>0</string>
				<key>GCC_PREPROCESSOR_DEFINITIONS</key>
				<array>
					<string>DEBUG=1</string>
					<string>$(inherited)</string>
				</array>
				<key>GCC_SYMBOLS_PRIVATE_EXTERN</key>
				<string>NO</string>
				<key>GCC_WARN_64_TO_32_BIT_CONVERSION</key>
				<string>YES</string>
				<key>GCC_WARN_ABOUT_MISSING_FIELD_INITIALIZERS</key>
				<string>YES</string>
				<key>GCC_WARN_ABOUT_MISSING_NEWLINE</key>
				<string>YES</string>
				<key>GCC_WARN_ABOUT_RETURN_TYPE</key>
				<string>YES</string>
				<key>GCC_WARN_CHECK_SWITCH_STATEMENTS</key>
				<string>YES</string>
				<key>GCC_WARN_INITIALIZER_NOT_FULLY_BRACKETED</key>
				<string>YES</string>
				<key>GCC_WARN_MISSING_PARENTHESES</key>
				<string>YES</string>
				<key>GCC_WARN_SHADOW</key>
				<string>YES</string>
				<key>GCC_WARN_SIGN_COMPARE</key>
				<string>YES</string>
				<key>GCC_WARN_TYPECHECK_CALLS_TO_PRINTF</key>
				<string>YES</string>
				<key>GCC_WARN_UNDECLARED_SELECTOR</key>
				<string>YES</string>
				<key>GCC_WARN_UNINITIALIZED_AUTOS</key>
				<string>YES</string>
				<key>GCC_WARN_UNUSED_FUNCTION</key>
				<string>YES</string>
				<key>GCC_WARN_UNUSED_LABEL</key>
				<string>YES</string>
				<key>GCC_WARN_UNUSED_VALUE</key>
				<string>YES</string>
				<key>GCC_WARN_UNUSED_VARIABLE</key>
				<string>YES</string>
				<key>IPHONEOS_DEPLOYMENT_TARGET</key>
				<string>7.0</string>
				<key>ONLY_ACTIVE_ARCH</key>
				<string>YES</string>
				<key>RUN_CLANG_STATIC_ANALYZER</key>
				<string>YES</string>
				<key>SDKROOT</key>
				<string>iphoneos</string>
				<key>TARGETED_DEVICE_FAMILY</key>
				<string>1,2</string>
			</dict>
			<key>isa</key>
			<string>XCBuildConfiguration</string>
			<key>name</key>
			<string>Debug</string>
		</dict>
		<key>EA8C9715187F086800D8FC47</key>
		<dict>
			<key>buildSettings</key>
			<dict>
				<key>ALWAYS_SEARCH_USER_PATHS</key>
				<string>NO</string>
				<key>ARCHS</key>
				<string>$(ARCHS_STANDARD_INCLUDING_64_BIT)</string>
				<key>CLANG_CXX_LANGUAGE_STANDARD</key>
				<string>gnu++0x</string>
				<key>CLANG_CXX_LIBRARY</key>
				<string>libc++</string>
				<key>CLANG_ENABLE_MODULES</key>
				<string>YES</string>
				<key>CLANG_ENABLE_OBJC_ARC</key>
				<string>YES</string>
				<key>CLANG_WARN_BOOL_CONVERSION</key>
				<string>YES</string>
				<key>CLANG_WARN_CONSTANT_CONVERSION</key>
				<string>YES</string>
				<key>CLANG_WARN_DEPRECATED_OBJC_IMPLEMENTATIONS</key>
				<string>YES</string>
				<key>CLANG_WARN_DIRECT_OBJC_ISA_USAGE</key>
				<string>YES_ERROR</string>
				<key>CLANG_WARN_EMPTY_BODY</key>
				<string>YES</string>
				<key>CLANG_WARN_ENUM_CONVERSION</key>
				<string>YES</string>
				<key>CLANG_WARN_INT_CONVERSION</key>
				<string>YES</string>
				<key>CLANG_WARN_OBJC_IMPLICIT_RETAIN_SELF</key>
				<string>YES</string>
				<key>CLANG_WARN_OBJC_ROOT_CLASS</key>
				<string>YES_ERROR</string>
				<key>CLANG_WARN__DUPLICATE_METHOD_MATCH</key>
				<string>YES</string>
				<key>CODE_SIGN_IDENTITY[sdk=iphoneos*]</key>
				<string>iPhone Developer</string>
				<key>COPY_PHASE_STRIP</key>
				<string>YES</string>
				<key>ENABLE_NS_ASSERTIONS</key>
				<string>NO</string>
				<key>GCC_C_LANGUAGE_STANDARD</key>
				<string>gnu99</string>
				<key>GCC_WARN_64_TO_32_BIT_CONVERSION</key>
				<string>YES</string>
				<key>GCC_WARN_ABOUT_MISSING_FIELD_INITIALIZERS</key>
				<string>YES</string>
				<key>GCC_WARN_ABOUT_MISSING_NEWLINE</key>
				<string>YES</string>
				<key>GCC_WARN_ABOUT_RETURN_TYPE</key>
				<string>YES</string>
				<key>GCC_WARN_CHECK_SWITCH_STATEMENTS</key>
				<string>YES</string>
				<key>GCC_WARN_INITIALIZER_NOT_FULLY_BRACKETED</key>
				<string>YES</string>
				<key>GCC_WARN_MISSING_PARENTHESES</key>
				<string>YES</string>
				<key>GCC_WARN_SHADOW</key>
				<string>YES</string>
				<key>GCC_WARN_SIGN_COMPARE</key>
				<string>YES</string>
				<key>GCC_WARN_TYPECHECK_CALLS_TO_PRINTF</key>
				<string>YES</string>
				<key>GCC_WARN_UNDECLARED_SELECTOR</key>
				<string>YES</string>
				<key>GCC_WARN_UNINITIALIZED_AUTOS</key>
				<string>YES</string>
				<key>GCC_WARN_UNUSED_FUNCTION</key>
				<string>YES</string>
				<key>GCC_WARN_UNUSED_LABEL</key>
				<string>YES</string>
				<key>GCC_WARN_UNUSED_VALUE</key>
				<string>YES</string>
				<key>GCC_WARN_UNUSED_VARIABLE</key>
				<string>YES</string>
				<key>IPHONEOS_DEPLOYMENT_TARGET</key>
				<string>7.0</string>
				<key>RUN_CLANG_STATIC_ANALYZER</key>
				<string>YES</string>
				<key>SDKROOT</key>
				<string>iphoneos</string>
				<key>TARGETED_DEVICE_FAMILY</key>
				<string>1,2</string>
				<key>VALIDATE_PRODUCT</key>
				<string>YES</string>
			</dict>
			<key>isa</key>
			<string>XCBuildConfiguration</string>
			<key>name</key>
			<string>Release</string>
		</dict>
		<key>EA8C9716187F086800D8FC47</key>
		<dict>
			<key>buildConfigurations</key>
			<array>
				<string>EA8C9717187F086800D8FC47</string>
				<string>EA8C9718187F086800D8FC47</string>
			</array>
			<key>defaultConfigurationIsVisible</key>
			<string>0</string>
			<key>defaultConfigurationName</key>
			<string>Release</string>
			<key>isa</key>
			<string>XCConfigurationList</string>
		</dict>
		<key>EA8C9717187F086800D8FC47</key>
		<dict>
			<key>buildSettings</key>
			<dict>
				<key>ASSETCATALOG_COMPILER_APPICON_NAME</key>
				<string>AppIcon</string>
				<key>ASSETCATALOG_COMPILER_LAUNCHIMAGE_NAME</key>
				<string>LaunchImage</string>
				<key>CODE_SIGN_IDENTITY</key>
				<string>iPhone Developer</string>
				<key>CODE_SIGN_IDENTITY[sdk=iphoneos*]</key>
				<string>iPhone Developer</string>
				<key>GCC_PRECOMPILE_PREFIX_HEADER</key>
				<string>YES</string>
				<key>GCC_PREFIX_HEADER</key>
				<string>TDMultipeerDemo/TDMultipeerDemo-Prefix.pch</string>
				<key>INFOPLIST_FILE</key>
				<string>TDMultipeerDemo/TDMultipeerDemo-Info.plist</string>
				<key>PRODUCT_NAME</key>
				<string>$(TARGET_NAME)</string>
				<key>PROVISIONING_PROFILE</key>
				<string></string>
				<key>WRAPPER_EXTENSION</key>
				<string>app</string>
			</dict>
			<key>isa</key>
			<string>XCBuildConfiguration</string>
			<key>name</key>
			<string>Debug</string>
		</dict>
		<key>EA8C9718187F086800D8FC47</key>
		<dict>
			<key>buildSettings</key>
			<dict>
				<key>ASSETCATALOG_COMPILER_APPICON_NAME</key>
				<string>AppIcon</string>
				<key>ASSETCATALOG_COMPILER_LAUNCHIMAGE_NAME</key>
				<string>LaunchImage</string>
				<key>CODE_SIGN_IDENTITY</key>
				<string>iPhone Developer</string>
				<key>CODE_SIGN_IDENTITY[sdk=iphoneos*]</key>
				<string>iPhone Developer</string>
				<key>GCC_PRECOMPILE_PREFIX_HEADER</key>
				<string>YES</string>
				<key>GCC_PREFIX_HEADER</key>
				<string>TDMultipeerDemo/TDMultipeerDemo-Prefix.pch</string>
				<key>INFOPLIST_FILE</key>
				<string>TDMultipeerDemo/TDMultipeerDemo-Info.plist</string>
				<key>PRODUCT_NAME</key>
				<string>$(TARGET_NAME)</string>
				<key>PROVISIONING_PROFILE</key>
				<string></string>
				<key>WRAPPER_EXTENSION</key>
				<string>app</string>
			</dict>
			<key>isa</key>
			<string>XCBuildConfiguration</string>
			<key>name</key>
			<string>Release</string>
		</dict>
		<key>EA8C9719187F086800D8FC47</key>
		<dict>
			<key>buildConfigurations</key>
			<array>
				<string>EA8C971A187F086800D8FC47</string>
				<string>EA8C971B187F086800D8FC47</string>
			</array>
			<key>defaultConfigurationIsVisible</key>
			<string>0</string>
			<key>defaultConfigurationName</key>
			<string>Release</string>
			<key>isa</key>
			<string>XCConfigurationList</string>
		</dict>
		<key>EA8C971A187F086800D8FC47</key>
		<dict>
			<key>buildSettings</key>
			<dict>
				<key>ARCHS</key>
				<string>$(ARCHS_STANDARD_INCLUDING_64_BIT)</string>
				<key>BUNDLE_LOADER</key>
				<string>$(BUILT_PRODUCTS_DIR)/TDMultipeerDemo.app/TDMultipeerDemo</string>
				<key>FRAMEWORK_SEARCH_PATHS</key>
				<array>
					<string>$(SDKROOT)/Developer/Library/Frameworks</string>
					<string>$(inherited)</string>
					<string>$(DEVELOPER_FRAMEWORKS_DIR)</string>
				</array>
				<key>GCC_PRECOMPILE_PREFIX_HEADER</key>
				<string>YES</string>
				<key>GCC_PREFIX_HEADER</key>
				<string>TDMultipeerDemo/TDMultipeerDemo-Prefix.pch</string>
				<key>GCC_PREPROCESSOR_DEFINITIONS</key>
				<array>
					<string>DEBUG=1</string>
					<string>$(inherited)</string>
				</array>
				<key>INFOPLIST_FILE</key>
				<string>TDMultipeerDemoTests/TDMultipeerDemoTests-Info.plist</string>
				<key>PRODUCT_NAME</key>
				<string>$(TARGET_NAME)</string>
				<key>TEST_HOST</key>
				<string>$(BUNDLE_LOADER)</string>
				<key>WRAPPER_EXTENSION</key>
				<string>xctest</string>
			</dict>
			<key>isa</key>
			<string>XCBuildConfiguration</string>
			<key>name</key>
			<string>Debug</string>
		</dict>
		<key>EA8C971B187F086800D8FC47</key>
		<dict>
			<key>buildSettings</key>
			<dict>
				<key>ARCHS</key>
				<string>$(ARCHS_STANDARD_INCLUDING_64_BIT)</string>
				<key>BUNDLE_LOADER</key>
				<string>$(BUILT_PRODUCTS_DIR)/TDMultipeerDemo.app/TDMultipeerDemo</string>
				<key>FRAMEWORK_SEARCH_PATHS</key>
				<array>
					<string>$(SDKROOT)/Developer/Library/Frameworks</string>
					<string>$(inherited)</string>
					<string>$(DEVELOPER_FRAMEWORKS_DIR)</string>
				</array>
				<key>GCC_PRECOMPILE_PREFIX_HEADER</key>
				<string>YES</string>
				<key>GCC_PREFIX_HEADER</key>
				<string>TDMultipeerDemo/TDMultipeerDemo-Prefix.pch</string>
				<key>INFOPLIST_FILE</key>
				<string>TDMultipeerDemoTests/TDMultipeerDemoTests-Info.plist</string>
				<key>PRODUCT_NAME</key>
				<string>$(TARGET_NAME)</string>
				<key>TEST_HOST</key>
				<string>$(BUNDLE_LOADER)</string>
				<key>WRAPPER_EXTENSION</key>
				<string>xctest</string>
			</dict>
			<key>isa</key>
			<string>XCBuildConfiguration</string>
			<key>name</key>
			<string>Release</string>
		</dict>
		<key>EA8C9720187F0B3A00D8FC47</key>
		<dict>
			<key>children</key>
			<array>
				<string>EA8C9721187F0B6800D8FC47</string>
				<string>EA8C9722187F0B6800D8FC47</string>
				<string>EA8C972C187F1D8500D8FC47</string>
				<string>EA8C972D187F1D8500D8FC47</string>
			</array>
			<key>isa</key>
			<string>PBXGroup</string>
			<key>path</key>
			<string>Classes</string>
			<key>sourceTree</key>
			<string>&lt;group&gt;</string>
		</dict>
		<key>EA8C9721187F0B6800D8FC47</key>
		<dict>
			<key>fileEncoding</key>
			<string>4</string>
			<key>isa</key>
			<string>PBXFileReference</string>
			<key>lastKnownFileType</key>
			<string>sourcecode.c.h</string>
			<key>path</key>
			<string>TDSession.h</string>
			<key>sourceTree</key>
			<string>&lt;group&gt;</string>
		</dict>
		<key>EA8C9722187F0B6800D8FC47</key>
		<dict>
			<key>fileEncoding</key>
			<string>4</string>
			<key>isa</key>
			<string>PBXFileReference</string>
			<key>lastKnownFileType</key>
			<string>sourcecode.c.objc</string>
			<key>path</key>
			<string>TDSession.m</string>
			<key>sourceTree</key>
			<string>&lt;group&gt;</string>
		</dict>
		<key>EA8C9723187F0B6800D8FC47</key>
		<dict>
			<key>fileRef</key>
			<string>EA8C9722187F0B6800D8FC47</string>
			<key>isa</key>
			<string>PBXBuildFile</string>
		</dict>
		<key>EA8C9724187F0B7F00D8FC47</key>
		<dict>
			<key>isa</key>
			<string>PBXFileReference</string>
			<key>lastKnownFileType</key>
			<string>wrapper.framework</string>
			<key>name</key>
			<string>MultipeerConnectivity.framework</string>
			<key>path</key>
			<string>System/Library/Frameworks/MultipeerConnectivity.framework</string>
			<key>sourceTree</key>
			<string>SDKROOT</string>
		</dict>
		<key>EA8C9725187F0B7F00D8FC47</key>
		<dict>
			<key>fileRef</key>
			<string>EA8C9724187F0B7F00D8FC47</string>
			<key>isa</key>
			<string>PBXBuildFile</string>
		</dict>
		<key>EA8C972C187F1D8500D8FC47</key>
		<dict>
			<key>fileEncoding</key>
			<string>4</string>
			<key>isa</key>
			<string>PBXFileReference</string>
			<key>lastKnownFileType</key>
			<string>sourcecode.c.h</string>
			<key>path</key>
			<string>TDMotion.h</string>
			<key>sourceTree</key>
			<string>&lt;group&gt;</string>
		</dict>
		<key>EA8C972D187F1D8500D8FC47</key>
		<dict>
			<key>fileEncoding</key>
			<string>4</string>
			<key>isa</key>
			<string>PBXFileReference</string>
			<key>lastKnownFileType</key>
			<string>sourcecode.c.objc</string>
			<key>path</key>
			<string>TDMotion.m</string>
			<key>sourceTree</key>
			<string>&lt;group&gt;</string>
		</dict>
		<key>EA8C972E187F1D8500D8FC47</key>
		<dict>
			<key>fileRef</key>
			<string>EA8C972D187F1D8500D8FC47</string>
			<key>isa</key>
			<string>PBXBuildFile</string>
		</dict>
		<key>EA8C972F187F428000D8FC47</key>
		<dict>
			<key>children</key>
			<array>
				<string>EA8C9730187F42D600D8FC47</string>
				<string>EA8C9731187F42D600D8FC47</string>
				<string>EA8C9733187F42E900D8FC47</string>
				<string>EA8C9734187F42E900D8FC47</string>
			</array>
			<key>isa</key>
			<string>PBXGroup</string>
			<key>path</key>
			<string>View Controllers</string>
			<key>sourceTree</key>
			<string>&lt;group&gt;</string>
		</dict>
		<key>EA8C9730187F42D600D8FC47</key>
		<dict>
			<key>fileEncoding</key>
			<string>4</string>
			<key>isa</key>
			<string>PBXFileReference</string>
			<key>lastKnownFileType</key>
			<string>sourcecode.c.h</string>
			<key>path</key>
			<string>TDHostViewController.h</string>
			<key>sourceTree</key>
			<string>&lt;group&gt;</string>
		</dict>
		<key>EA8C9731187F42D600D8FC47</key>
		<dict>
			<key>fileEncoding</key>
			<string>4</string>
			<key>isa</key>
			<string>PBXFileReference</string>
			<key>lastKnownFileType</key>
			<string>sourcecode.c.objc</string>
			<key>path</key>
			<string>TDHostViewController.m</string>
			<key>sourceTree</key>
			<string>&lt;group&gt;</string>
		</dict>
		<key>EA8C9732187F42D600D8FC47</key>
		<dict>
			<key>fileRef</key>
			<string>EA8C9731187F42D600D8FC47</string>
			<key>isa</key>
			<string>PBXBuildFile</string>
		</dict>
		<key>EA8C9733187F42E900D8FC47</key>
		<dict>
			<key>fileEncoding</key>
			<string>4</string>
			<key>isa</key>
			<string>PBXFileReference</string>
			<key>lastKnownFileType</key>
			<string>sourcecode.c.h</string>
			<key>path</key>
			<string>TDClientViewController.h</string>
			<key>sourceTree</key>
			<string>&lt;group&gt;</string>
		</dict>
		<key>EA8C9734187F42E900D8FC47</key>
		<dict>
			<key>fileEncoding</key>
			<string>4</string>
			<key>isa</key>
			<string>PBXFileReference</string>
			<key>lastKnownFileType</key>
			<string>sourcecode.c.objc</string>
			<key>path</key>
			<string>TDClientViewController.m</string>
			<key>sourceTree</key>
			<string>&lt;group&gt;</string>
		</dict>
		<key>EA8C9735187F42E900D8FC47</key>
		<dict>
			<key>fileRef</key>
			<string>EA8C9734187F42E900D8FC47</string>
			<key>isa</key>
			<string>PBXBuildFile</string>
		</dict>
		<key>EABDB7A118804E55002043CF</key>
		<dict>
			<key>isa</key>
			<string>PBXFileReference</string>
			<key>lastKnownFileType</key>
			<string>wrapper.framework</string>
			<key>name</key>
			<string>CoreMotion.framework</string>
			<key>path</key>
			<string>System/Library/Frameworks/CoreMotion.framework</string>
			<key>sourceTree</key>
			<string>SDKROOT</string>
		</dict>
		<key>EABDB7A218804E55002043CF</key>
		<dict>
			<key>fileRef</key>
			<string>EABDB7A118804E55002043CF</string>
			<key>isa</key>
			<string>PBXBuildFile</string>
		</dict>
		<key>EABDB7A318804E5E002043CF</key>
		<dict>
			<key>isa</key>
			<string>PBXFileReference</string>
			<key>lastKnownFileType</key>
			<string>wrapper.framework</string>
			<key>name</key>
			<string>MobileCoreServices.framework</string>
			<key>path</key>
			<string>System/Library/Frameworks/MobileCoreServices.framework</string>
			<key>sourceTree</key>
			<string>SDKROOT</string>
		</dict>
	</dict>
	<key>rootObject</key>
	<string>EA8C96D9187F086800D8FC47</string>
</dict>
</plist>
